
Microsoft Visual Studio Solution File, Format Version 12.00
# Visual Studio 15
VisualStudioVersion = 15.0.26430.6
MinimumVisualStudioVersion = 10.0.40219.1
Project("{FAE04EC0-301F-11D3-BF4B-00C04F79EFBC}") = "ASGestures.Android", "ASGestures\ASGestures.Android\ASGestures.Android.csproj", "{BAEF5642-3579-4596-9FB4-FC4E95EF0D56}"
EndProject
Project("{FAE04EC0-301F-11D3-BF4B-00C04F79EFBC}") = "ASGestures.iOS", "ASGestures\ASGestures.iOS\ASGestures.iOS.csproj", "{4262C6DE-013F-498E-8C73-86E60082783D}"
EndProject
Project("{FAE04EC0-301F-11D3-BF4B-00C04F79EFBC}") = "ASGestures", "ASGestures\ASGestures\ASGestures.csproj", "{1E971616-4751-4B7B-BB8C-01667915F47E}"
EndProject
Project("{2150E333-8FDC-42A3-9474-1A3956D46DE8}") = "Solution Items", "Solution Items", "{DA75CCB1-01FC-477C-A140-7B444AAF51DE}"
	ProjectSection(SolutionItems) = preProject
		.gitignore = .gitignore
	EndProjectSection
EndProject
Global
	GlobalSection(SolutionConfigurationPlatforms) = preSolution
		Ad-Hoc|Any CPU = Ad-Hoc|Any CPU
		Ad-Hoc|iPhone = Ad-Hoc|iPhone
		Ad-Hoc|iPhoneSimulator = Ad-Hoc|iPhoneSimulator
		AppStore|Any CPU = AppStore|Any CPU
		AppStore|iPhone = AppStore|iPhone
		AppStore|iPhoneSimulator = AppStore|iPhoneSimulator
		Debug|Any CPU = Debug|Any CPU
		Debug|iPhone = Debug|iPhone
		Debug|iPhoneSimulator = Debug|iPhoneSimulator
		Release|Any CPU = Release|Any CPU
		Release|iPhone = Release|iPhone
		Release|iPhoneSimulator = Release|iPhoneSimulator
	EndGlobalSection
	GlobalSection(ProjectConfigurationPlatforms) = postSolution
		{BAEF5642-3579-4596-9FB4-FC4E95EF0D56}.Ad-Hoc|Any CPU.ActiveCfg = Release|Any CPU
		{BAEF5642-3579-4596-9FB4-FC4E95EF0D56}.Ad-Hoc|Any CPU.Build.0 = Release|Any CPU
		{BAEF5642-3579-4596-9FB4-FC4E95EF0D56}.Ad-Hoc|Any CPU.Deploy.0 = Release|Any CPU
		{BAEF5642-3579-4596-9FB4-FC4E95EF0D56}.Ad-Hoc|iPhone.ActiveCfg = Release|Any CPU
		{BAEF5642-3579-4596-9FB4-FC4E95EF0D56}.Ad-Hoc|iPhone.Build.0 = Release|Any CPU
		{BAEF5642-3579-4596-9FB4-FC4E95EF0D56}.Ad-Hoc|iPhone.Deploy.0 = Release|Any CPU
		{BAEF5642-3579-4596-9FB4-FC4E95EF0D56}.Ad-Hoc|iPhoneSimulator.ActiveCfg = Release|Any CPU
		{BAEF5642-3579-4596-9FB4-FC4E95EF0D56}.Ad-Hoc|iPhoneSimulator.Build.0 = Release|Any CPU
		{BAEF5642-3579-4596-9FB4-FC4E95EF0D56}.Ad-Hoc|iPhoneSimulator.Deploy.0 = Release|Any CPU
		{BAEF5642-3579-4596-9FB4-FC4E95EF0D56}.AppStore|Any CPU.ActiveCfg = Release|Any CPU
		{BAEF5642-3579-4596-9FB4-FC4E95EF0D56}.AppStore|Any CPU.Build.0 = Release|Any CPU
		{BAEF5642-3579-4596-9FB4-FC4E95EF0D56}.AppStore|Any CPU.Deploy.0 = Release|Any CPU
		{BAEF5642-3579-4596-9FB4-FC4E95EF0D56}.AppStore|iPhone.ActiveCfg = Release|Any CPU
		{BAEF5642-3579-4596-9FB4-FC4E95EF0D56}.AppStore|iPhone.Build.0 = Release|Any CPU
		{BAEF5642-3579-4596-9FB4-FC4E95EF0D56}.AppStore|iPhone.Deploy.0 = Release|Any CPU
		{BAEF5642-3579-4596-9FB4-FC4E95EF0D56}.AppStore|iPhoneSimulator.ActiveCfg = Release|Any CPU
		{BAEF5642-3579-4596-9FB4-FC4E95EF0D56}.AppStore|iPhoneSimulator.Build.0 = Release|Any CPU
		{BAEF5642-3579-4596-9FB4-FC4E95EF0D56}.AppStore|iPhoneSimulator.Deploy.0 = Release|Any CPU
		{BAEF5642-3579-4596-9FB4-FC4E95EF0D56}.Debug|Any CPU.ActiveCfg = Debug|Any CPU
		{BAEF5642-3579-4596-9FB4-FC4E95EF0D56}.Debug|Any CPU.Build.0 = Debug|Any CPU
		{BAEF5642-3579-4596-9FB4-FC4E95EF0D56}.Debug|Any CPU.Deploy.0 = Debug|Any CPU
		{BAEF5642-3579-4596-9FB4-FC4E95EF0D56}.Debug|iPhone.ActiveCfg = Debug|Any CPU
		{BAEF5642-3579-4596-9FB4-FC4E95EF0D56}.Debug|iPhone.Build.0 = Debug|Any CPU
		{BAEF5642-3579-4596-9FB4-FC4E95EF0D56}.Debug|iPhone.Deploy.0 = Debug|Any CPU
		{BAEF5642-3579-4596-9FB4-FC4E95EF0D56}.Debug|iPhoneSimulator.ActiveCfg = Debug|Any CPU
		{BAEF5642-3579-4596-9FB4-FC4E95EF0D56}.Debug|iPhoneSimulator.Build.0 = Debug|Any CPU
		{BAEF5642-3579-4596-9FB4-FC4E95EF0D56}.Debug|iPhoneSimulator.Deploy.0 = Debug|Any CPU
		{BAEF5642-3579-4596-9FB4-FC4E95EF0D56}.Release|Any CPU.ActiveCfg = Release|Any CPU
		{BAEF5642-3579-4596-9FB4-FC4E95EF0D56}.Release|Any CPU.Build.0 = Release|Any CPU
		{BAEF5642-3579-4596-9FB4-FC4E95EF0D56}.Release|Any CPU.Deploy.0 = Release|Any CPU
		{BAEF5642-3579-4596-9FB4-FC4E95EF0D56}.Release|iPhone.ActiveCfg = Release|Any CPU
		{BAEF5642-3579-4596-9FB4-FC4E95EF0D56}.Release|iPhone.Build.0 = Release|Any CPU
		{BAEF5642-3579-4596-9FB4-FC4E95EF0D56}.Release|iPhone.Deploy.0 = Release|Any CPU
		{BAEF5642-3579-4596-9FB4-FC4E95EF0D56}.Release|iPhoneSimulator.ActiveCfg = Release|Any CPU
		{BAEF5642-3579-4596-9FB4-FC4E95EF0D56}.Release|iPhoneSimulator.Build.0 = Release|Any CPU
		{BAEF5642-3579-4596-9FB4-FC4E95EF0D56}.Release|iPhoneSimulator.Deploy.0 = Release|Any CPU
		{4262C6DE-013F-498E-8C73-86E60082783D}.Ad-Hoc|Any CPU.ActiveCfg = Ad-Hoc|iPhone
		{4262C6DE-013F-498E-8C73-86E60082783D}.Ad-Hoc|iPhone.ActiveCfg = Ad-Hoc|iPhone
		{4262C6DE-013F-498E-8C73-86E60082783D}.Ad-Hoc|iPhone.Build.0 = Ad-Hoc|iPhone
		{4262C6DE-013F-498E-8C73-86E60082783D}.Ad-Hoc|iPhoneSimulator.ActiveCfg = Ad-Hoc|iPhoneSimulator
		{4262C6DE-013F-498E-8C73-86E60082783D}.Ad-Hoc|iPhoneSimulator.Build.0 = Ad-Hoc|iPhoneSimulator
		{4262C6DE-013F-498E-8C73-86E60082783D}.AppStore|Any CPU.ActiveCfg = AppStore|iPhone
		{4262C6DE-013F-498E-8C73-86E60082783D}.AppStore|iPhone.ActiveCfg = AppStore|iPhone
		{4262C6DE-013F-498E-8C73-86E60082783D}.AppStore|iPhone.Build.0 = AppStore|iPhone
		{4262C6DE-013F-498E-8C73-86E60082783D}.AppStore|iPhoneSimulator.ActiveCfg = AppStore|iPhoneSimulator
		{4262C6DE-013F-498E-8C73-86E60082783D}.AppStore|iPhoneSimulator.Build.0 = AppStore|iPhoneSimulator
		{4262C6DE-013F-498E-8C73-86E60082783D}.Debug|Any CPU.ActiveCfg = Debug|iPhone
		{4262C6DE-013F-498E-8C73-86E60082783D}.Debug|iPhone.ActiveCfg = Debug|iPhone
		{4262C6DE-013F-498E-8C73-86E60082783D}.Debug|iPhone.Build.0 = Debug|iPhone
		{4262C6DE-013F-498E-8C73-86E60082783D}.Debug|iPhoneSimulator.ActiveCfg = Debug|iPhoneSimulator
		{4262C6DE-013F-498E-8C73-86E60082783D}.Debug|iPhoneSimulator.Build.0 = Debug|iPhoneSimulator
		{4262C6DE-013F-498E-8C73-86E60082783D}.Release|Any CPU.ActiveCfg = Release|iPhone
		{4262C6DE-013F-498E-8C73-86E60082783D}.Release|iPhone.ActiveCfg = Release|iPhone
		{4262C6DE-013F-498E-8C73-86E60082783D}.Release|iPhone.Build.0 = Release|iPhone
		{4262C6DE-013F-498E-8C73-86E60082783D}.Release|iPhoneSimulator.ActiveCfg = Release|iPhoneSimulator
		{4262C6DE-013F-498E-8C73-86E60082783D}.Release|iPhoneSimulator.Build.0 = Release|iPhoneSimulator
		{1E971616-4751-4B7B-BB8C-01667915F47E}.Ad-Hoc|Any CPU.ActiveCfg = Release|Any CPU
		{1E971616-4751-4B7B-BB8C-01667915F47E}.Ad-Hoc|Any CPU.Build.0 = Release|Any CPU
		{1E971616-4751-4B7B-BB8C-01667915F47E}.Ad-Hoc|iPhone.ActiveCfg = Release|Any CPU
		{1E971616-4751-4B7B-BB8C-01667915F47E}.Ad-Hoc|iPhone.Build.0 = Release|Any CPU
		{1E971616-4751-4B7B-BB8C-01667915F47E}.Ad-Hoc|iPhoneSimulator.ActiveCfg = Release|Any CPU
		{1E971616-4751-4B7B-BB8C-01667915F47E}.Ad-Hoc|iPhoneSimulator.Build.0 = Release|Any CPU
		{1E971616-4751-4B7B-BB8C-01667915F47E}.AppStore|Any CPU.ActiveCfg = Release|Any CPU
		{1E971616-4751-4B7B-BB8C-01667915F47E}.AppStore|Any CPU.Build.0 = Release|Any CPU
		{1E971616-4751-4B7B-BB8C-01667915F47E}.AppStore|iPhone.ActiveCfg = Release|Any CPU
		{1E971616-4751-4B7B-BB8C-01667915F47E}.AppStore|iPhone.Build.0 = Release|Any CPU
		{1E971616-4751-4B7B-BB8C-01667915F47E}.AppStore|iPhoneSimulator.ActiveCfg = Release|Any CPU
		{1E971616-4751-4B7B-BB8C-01667915F47E}.AppStore|iPhoneSimulator.Build.0 = Release|Any CPU
		{1E971616-4751-4B7B-BB8C-01667915F47E}.Debug|Any CPU.ActiveCfg = Debug|Any CPU
		{1E971616-4751-4B7B-BB8C-01667915F47E}.Debug|Any CPU.Build.0 = Debug|Any CPU
		{1E971616-4751-4B7B-BB8C-01667915F47E}.Debug|iPhone.ActiveCfg = Debug|Any CPU
		{1E971616-4751-4B7B-BB8C-01667915F47E}.Debug|iPhone.Build.0 = Debug|Any CPU
		{1E971616-4751-4B7B-BB8C-01667915F47E}.Debug|iPhoneSimulator.ActiveCfg = Debug|Any CPU
		{1E971616-4751-4B7B-BB8C-01667915F47E}.Debug|iPhoneSimulator.Build.0 = Debug|Any CPU
		{1E971616-4751-4B7B-BB8C-01667915F47E}.Release|Any CPU.ActiveCfg = Release|Any CPU
		{1E971616-4751-4B7B-BB8C-01667915F47E}.Release|Any CPU.Build.0 = Release|Any CPU
		{1E971616-4751-4B7B-BB8C-01667915F47E}.Release|iPhone.ActiveCfg = Release|Any CPU
		{1E971616-4751-4B7B-BB8C-01667915F47E}.Release|iPhone.Build.0 = Release|Any CPU
		{1E971616-4751-4B7B-BB8C-01667915F47E}.Release|iPhoneSimulator.ActiveCfg = Release|Any CPU
		{1E971616-4751-4B7B-BB8C-01667915F47E}.Release|iPhoneSimulator.Build.0 = Release|Any CPU
	EndGlobalSection
	GlobalSection(SolutionProperties) = preSolution
		HideSolutionNode = FALSE
	EndGlobalSection
EndGlobal
